
Microsoft Visual Studio Solution File, Format Version 12.00
# Visual Studio Version 17
VisualStudioVersion = 17.0.31919.166
MinimumVisualStudioVersion = 10.0.40219.1
Project("{FAE04EC0-301F-11D3-BF4B-00C04F79EFBC}") = "TheComicsTestMVC", "TheComicsTestMVC\TheComicsTestMVC.csproj", "{411920A9-243C-455F-A4A9-27CD38771875}"
EndProject
Global
	GlobalSection(SolutionConfigurationPlatforms) = preSolution
		Debug|Any CPU = Debug|Any CPU
		Release|Any CPU = Release|Any CPU
	EndGlobalSection
	GlobalSection(ProjectConfigurationPlatforms) = postSolution
		{411920A9-243C-455F-A4A9-27CD38771875}.Debug|Any CPU.ActiveCfg = Debug|Any CPU
		{411920A9-243C-455F-A4A9-27CD38771875}.Debug|Any CPU.Build.0 = Debug|Any CPU
		{411920A9-243C-455F-A4A9-27CD38771875}.Release|Any CPU.ActiveCfg = Release|Any CPU
		{411920A9-243C-455F-A4A9-27CD38771875}.Release|Any CPU.Build.0 = Release|Any CPU
	EndGlobalSection
	GlobalSection(SolutionProperties) = preSolution
		HideSolutionNode = FALSE
	EndGlobalSection
	GlobalSection(ExtensibilityGlobals) = postSolution
		SolutionGuid = {72B7B3D7-442F-46AF-8209-8F194C9CC2BE}
	EndGlobalSection
EndGlobal
